
Microsoft Visual Studio Solution File, Format Version 12.00
# Visual Studio Version 16
VisualStudioVersion = 16.0.31025.194
MinimumVisualStudioVersion = 10.0.40219.1
Project("{FAE04EC0-301F-11D3-BF4B-00C04F79EFBC}") = "LambdaExpressions", "LambdaExpressions\LambdaExpressions.csproj", "{F33C8F6E-8709-4B93-9F6D-C29BF2E39BC4}"
EndProject
Global
	GlobalSection(SolutionConfigurationPlatforms) = preSolution
		Debug|Any CPU = Debug|Any CPU
		Release|Any CPU = Release|Any CPU
	EndGlobalSection
	GlobalSection(ProjectConfigurationPlatforms) = postSolution
		{F33C8F6E-8709-4B93-9F6D-C29BF2E39BC4}.Debug|Any CPU.ActiveCfg = Debug|Any CPU
		{F33C8F6E-8709-4B93-9F6D-C29BF2E39BC4}.Debug|Any CPU.Build.0 = Debug|Any CPU
		{F33C8F6E-8709-4B93-9F6D-C29BF2E39BC4}.Release|Any CPU.ActiveCfg = Release|Any CPU
		{F33C8F6E-8709-4B93-9F6D-C29BF2E39BC4}.Release|Any CPU.Build.0 = Release|Any CPU
	EndGlobalSection
	GlobalSection(SolutionProperties) = preSolution
		HideSolutionNode = FALSE
	EndGlobalSection
	GlobalSection(ExtensibilityGlobals) = postSolution
		SolutionGuid = {4C56A213-8032-4AF8-BA3C-B7783C77B495}
	EndGlobalSection
EndGlobal
